
Microsoft Visual Studio Solution File, Format Version 12.00
# Visual Studio 15
VisualStudioVersion = 15.0.28307.779
MinimumVisualStudioVersion = 10.0.40219.1
Project("{FAE04EC0-301F-11D3-BF4B-00C04F79EFBC}") = "GradeBookCodeVSStudioVersion", "GradeBookCodeVSStudioVersion\GradeBookCodeVSStudioVersion.csproj", "{52D025FE-F883-4F67-A042-B7981C7902F1}"
EndProject
Global
	GlobalSection(SolutionConfigurationPlatforms) = preSolution
		Debug|Any CPU = Debug|Any CPU
		Release|Any CPU = Release|Any CPU
	EndGlobalSection
	GlobalSection(ProjectConfigurationPlatforms) = postSolution
		{52D025FE-F883-4F67-A042-B7981C7902F1}.Debug|Any CPU.ActiveCfg = Debug|Any CPU
		{52D025FE-F883-4F67-A042-B7981C7902F1}.Debug|Any CPU.Build.0 = Debug|Any CPU
		{52D025FE-F883-4F67-A042-B7981C7902F1}.Release|Any CPU.ActiveCfg = Release|Any CPU
		{52D025FE-F883-4F67-A042-B7981C7902F1}.Release|Any CPU.Build.0 = Release|Any CPU
	EndGlobalSection
	GlobalSection(SolutionProperties) = preSolution
		HideSolutionNode = FALSE
	EndGlobalSection
	GlobalSection(ExtensibilityGlobals) = postSolution
		SolutionGuid = {99307660-2229-4464-8B94-6C0D07F9A508}
	EndGlobalSection
EndGlobal
